// !$*UTF8*$!
{
	archiveVersion = 1;
	classes = {
	};
	objectVersion = 50;
	objects = {

/* Begin PBXBuildFile section */
		351D81C92278C3DF00641B94 /* TabBarController.swift in Sources */ = {isa = PBXBuildFile; fileRef = 351D81C82278C3DF00641B94 /* TabBarController.swift */; };
		351D81D42278C5C500641B94 /* CareKit.framework in Frameworks */ = {isa = PBXBuildFile; fileRef = 351D81D12278C58000641B94 /* CareKit.framework */; };
		351D81D52278C5C500641B94 /* CareKit.framework in Embed Frameworks */ = {isa = PBXBuildFile; fileRef = 351D81D12278C58000641B94 /* CareKit.framework */; settings = {ATTRIBUTES = (CodeSignOnCopy, RemoveHeadersOnCopy, ); }; };
		354E80762277836900C796B9 /* AppDelegate.swift in Sources */ = {isa = PBXBuildFile; fileRef = 354E80752277836900C796B9 /* AppDelegate.swift */; };
		354E807B2277836900C796B9 /* Main.storyboard in Resources */ = {isa = PBXBuildFile; fileRef = 354E80792277836900C796B9 /* Main.storyboard */; };
		354E807D2277836A00C796B9 /* Assets.xcassets in Resources */ = {isa = PBXBuildFile; fileRef = 354E807C2277836A00C796B9 /* Assets.xcassets */; };
		354E80802277836A00C796B9 /* LaunchScreen.storyboard in Resources */ = {isa = PBXBuildFile; fileRef = 354E807E2277836A00C796B9 /* LaunchScreen.storyboard */; };
		354E808B2277836A00C796B9 /* ParkinsonCareTests.swift in Sources */ = {isa = PBXBuildFile; fileRef = 354E808A2277836A00C796B9 /* ParkinsonCareTests.swift */; };
		354E80962277836A00C796B9 /* ParkinsonCareUITests.swift in Sources */ = {isa = PBXBuildFile; fileRef = 354E80952277836A00C796B9 /* ParkinsonCareUITests.swift */; };
/* End PBXBuildFile section */

/* Begin PBXContainerItemProxy section */
		351D81D02278C58000641B94 /* PBXContainerItemProxy */ = {
			isa = PBXContainerItemProxy;
			containerPortal = 351D81CA2278C58000641B94 /* CareKit.xcodeproj */;
			proxyType = 2;
			remoteGlobalIDString = 8605A5BA1C4F04EC00DD65FF;
			remoteInfo = CareKit;
		};
		351D81D22278C58000641B94 /* PBXContainerItemProxy */ = {
			isa = PBXContainerItemProxy;
			containerPortal = 351D81CA2278C58000641B94 /* CareKit.xcodeproj */;
			proxyType = 2;
			remoteGlobalIDString = 8605A5C41C4F04EC00DD65FF;
			remoteInfo = CareKitTests;
		};
		351D81D62278C5C500641B94 /* PBXContainerItemProxy */ = {
			isa = PBXContainerItemProxy;
			containerPortal = 351D81CA2278C58000641B94 /* CareKit.xcodeproj */;
			proxyType = 1;
			remoteGlobalIDString = 8605A5B91C4F04EC00DD65FF;
			remoteInfo = CareKit;
		};
		354E80872277836A00C796B9 /* PBXContainerItemProxy */ = {
			isa = PBXContainerItemProxy;
			containerPortal = 354E806A2277836800C796B9 /* Project object */;
			proxyType = 1;
			remoteGlobalIDString = 354E80712277836900C796B9;
			remoteInfo = ParkinsonCare;
		};
		354E80922277836A00C796B9 /* PBXContainerItemProxy */ = {
			isa = PBXContainerItemProxy;
			containerPortal = 354E806A2277836800C796B9 /* Project object */;
			proxyType = 1;
			remoteGlobalIDString = 354E80712277836900C796B9;
			remoteInfo = ParkinsonCare;
		};
/* End PBXContainerItemProxy section */

/* Begin PBXCopyFilesBuildPhase section */
		351D81D82278C5C500641B94 /* Embed Frameworks */ = {
			isa = PBXCopyFilesBuildPhase;
			buildActionMask = 2147483647;
			dstPath = "";
			dstSubfolderSpec = 10;
			files = (
				351D81D52278C5C500641B94 /* CareKit.framework in Embed Frameworks */,
			);
			name = "Embed Frameworks";
			runOnlyForDeploymentPostprocessing = 0;
		};
/* End PBXCopyFilesBuildPhase section */

/* Begin PBXFileReference section */
		351D81C82278C3DF00641B94 /* TabBarController.swift */ = {isa = PBXFileReference; lastKnownFileType = sourcecode.swift; path = TabBarController.swift; sourceTree = "<group>"; };
		351D81CA2278C58000641B94 /* CareKit.xcodeproj */ = {isa = PBXFileReference; lastKnownFileType = "wrapper.pb-project"; name = CareKit.xcodeproj; path = ../../carekit/CareKit.xcodeproj; sourceTree = "<group>"; };
		354E80722277836900C796B9 /* ParkinsonCare.app */ = {isa = PBXFileReference; explicitFileType = wrapper.application; includeInIndex = 0; path = ParkinsonCare.app; sourceTree = BUILT_PRODUCTS_DIR; };
		354E80752277836900C796B9 /* AppDelegate.swift */ = {isa = PBXFileReference; lastKnownFileType = sourcecode.swift; path = AppDelegate.swift; sourceTree = "<group>"; };
		354E807A2277836900C796B9 /* Base */ = {isa = PBXFileReference; lastKnownFileType = file.storyboard; name = Base; path = Base.lproj/Main.storyboard; sourceTree = "<group>"; };
		354E807C2277836A00C796B9 /* Assets.xcassets */ = {isa = PBXFileReference; lastKnownFileType = folder.assetcatalog; path = Assets.xcassets; sourceTree = "<group>"; };
		354E807F2277836A00C796B9 /* Base */ = {isa = PBXFileReference; lastKnownFileType = file.storyboard; name = Base; path = Base.lproj/LaunchScreen.storyboard; sourceTree = "<group>"; };
		354E80812277836A00C796B9 /* Info.plist */ = {isa = PBXFileReference; lastKnownFileType = text.plist.xml; path = Info.plist; sourceTree = "<group>"; };
		354E80862277836A00C796B9 /* ParkinsonCareTests.xctest */ = {isa = PBXFileReference; explicitFileType = wrapper.cfbundle; includeInIndex = 0; path = ParkinsonCareTests.xctest; sourceTree = BUILT_PRODUCTS_DIR; };
		354E808A2277836A00C796B9 /* ParkinsonCareTests.swift */ = {isa = PBXFileReference; lastKnownFileType = sourcecode.swift; path = ParkinsonCareTests.swift; sourceTree = "<group>"; };
		354E808C2277836A00C796B9 /* Info.plist */ = {isa = PBXFileReference; lastKnownFileType = text.plist.xml; path = Info.plist; sourceTree = "<group>"; };
		354E80912277836A00C796B9 /* ParkinsonCareUITests.xctest */ = {isa = PBXFileReference; explicitFileType = wrapper.cfbundle; includeInIndex = 0; path = ParkinsonCareUITests.xctest; sourceTree = BUILT_PRODUCTS_DIR; };
		354E80952277836A00C796B9 /* ParkinsonCareUITests.swift */ = {isa = PBXFileReference; lastKnownFileType = sourcecode.swift; path = ParkinsonCareUITests.swift; sourceTree = "<group>"; };
		354E80972277836A00C796B9 /* Info.plist */ = {isa = PBXFileReference; lastKnownFileType = text.plist.xml; path = Info.plist; sourceTree = "<group>"; };
/* End PBXFileReference section */

/* Begin PBXFrameworksBuildPhase section */
		354E806F2277836900C796B9 /* Frameworks */ = {
			isa = PBXFrameworksBuildPhase;
			buildActionMask = 2147483647;
			files = (
				351D81D42278C5C500641B94 /* CareKit.framework in Frameworks */,
			);
			runOnlyForDeploymentPostprocessing = 0;
		};
		354E80832277836A00C796B9 /* Frameworks */ = {
			isa = PBXFrameworksBuildPhase;
			buildActionMask = 2147483647;
			files = (
			);
			runOnlyForDeploymentPostprocessing = 0;
		};
		354E808E2277836A00C796B9 /* Frameworks */ = {
			isa = PBXFrameworksBuildPhase;
			buildActionMask = 2147483647;
			files = (
			);
			runOnlyForDeploymentPostprocessing = 0;
		};
/* End PBXFrameworksBuildPhase section */

/* Begin PBXGroup section */
		351D81CB2278C58000641B94 /* Products */ = {
			isa = PBXGroup;
			children = (
				351D81D12278C58000641B94 /* CareKit.framework */,
				351D81D32278C58000641B94 /* CareKitTests.xctest */,
			);
			name = Products;
			sourceTree = "<group>";
		};
		354E80692277836800C796B9 = {
			isa = PBXGroup;
			children = (
				354E80742277836900C796B9 /* ParkinsonCare */,
				354E80892277836A00C796B9 /* ParkinsonCareTests */,
				354E80942277836A00C796B9 /* ParkinsonCareUITests */,
				354E80732277836900C796B9 /* Products */,
			);
			sourceTree = "<group>";
		};
		354E80732277836900C796B9 /* Products */ = {
			isa = PBXGroup;
			children = (
				354E80722277836900C796B9 /* ParkinsonCare.app */,
				354E80862277836A00C796B9 /* ParkinsonCareTests.xctest */,
				354E80912277836A00C796B9 /* ParkinsonCareUITests.xctest */,
			);
			name = Products;
			sourceTree = "<group>";
		};
		354E80742277836900C796B9 /* ParkinsonCare */ = {
			isa = PBXGroup;
			children = (
				351D81CA2278C58000641B94 /* CareKit.xcodeproj */,
				354E80752277836900C796B9 /* AppDelegate.swift */,
				354E80792277836900C796B9 /* Main.storyboard */,
				354E807C2277836A00C796B9 /* Assets.xcassets */,
				354E807E2277836A00C796B9 /* LaunchScreen.storyboard */,
				354E80812277836A00C796B9 /* Info.plist */,
				351D81C82278C3DF00641B94 /* TabBarController.swift */,
			);
			path = ParkinsonCare;
			sourceTree = "<group>";
		};
		354E80892277836A00C796B9 /* ParkinsonCareTests */ = {
			isa = PBXGroup;
			children = (
				354E808A2277836A00C796B9 /* ParkinsonCareTests.swift */,
				354E808C2277836A00C796B9 /* Info.plist */,
			);
			path = ParkinsonCareTests;
			sourceTree = "<group>";
		};
		354E80942277836A00C796B9 /* ParkinsonCareUITests */ = {
			isa = PBXGroup;
			children = (
				354E80952277836A00C796B9 /* ParkinsonCareUITests.swift */,
				354E80972277836A00C796B9 /* Info.plist */,
			);
			path = ParkinsonCareUITests;
			sourceTree = "<group>";
		};
/* End PBXGroup section */

/* Begin PBXNativeTarget section */
		354E80712277836900C796B9 /* ParkinsonCare */ = {
			isa = PBXNativeTarget;
			buildConfigurationList = 354E809A2277836A00C796B9 /* Build configuration list for PBXNativeTarget "ParkinsonCare" */;
			buildPhases = (
				354E806E2277836900C796B9 /* Sources */,
				354E806F2277836900C796B9 /* Frameworks */,
				354E80702277836900C796B9 /* Resources */,
				351D81D82278C5C500641B94 /* Embed Frameworks */,
			);
			buildRules = (
			);
			dependencies = (
				351D81D72278C5C500641B94 /* PBXTargetDependency */,
			);
			name = ParkinsonCare;
			productName = ParkinsonCare;
			productReference = 354E80722277836900C796B9 /* ParkinsonCare.app */;
			productType = "com.apple.product-type.application";
		};
		354E80852277836A00C796B9 /* ParkinsonCareTests */ = {
			isa = PBXNativeTarget;
			buildConfigurationList = 354E809D2277836A00C796B9 /* Build configuration list for PBXNativeTarget "ParkinsonCareTests" */;
			buildPhases = (
				354E80822277836A00C796B9 /* Sources */,
				354E80832277836A00C796B9 /* Frameworks */,
				354E80842277836A00C796B9 /* Resources */,
			);
			buildRules = (
			);
			dependencies = (
				354E80882277836A00C796B9 /* PBXTargetDependency */,
			);
			name = ParkinsonCareTests;
			productName = ParkinsonCareTests;
			productReference = 354E80862277836A00C796B9 /* ParkinsonCareTests.xctest */;
			productType = "com.apple.product-type.bundle.unit-test";
		};
		354E80902277836A00C796B9 /* ParkinsonCareUITests */ = {
			isa = PBXNativeTarget;
			buildConfigurationList = 354E80A02277836A00C796B9 /* Build configuration list for PBXNativeTarget "ParkinsonCareUITests" */;
			buildPhases = (
				354E808D2277836A00C796B9 /* Sources */,
				354E808E2277836A00C796B9 /* Frameworks */,
				354E808F2277836A00C796B9 /* Resources */,
			);
			buildRules = (
			);
			dependencies = (
				354E80932277836A00C796B9 /* PBXTargetDependency */,
			);
			name = ParkinsonCareUITests;
			productName = ParkinsonCareUITests;
			productReference = 354E80912277836A00C796B9 /* ParkinsonCareUITests.xctest */;
			productType = "com.apple.product-type.bundle.ui-testing";
		};
/* End PBXNativeTarget section */

/* Begin PBXProject section */
		354E806A2277836800C796B9 /* Project object */ = {
			isa = PBXProject;
			attributes = {
				LastSwiftUpdateCheck = 1020;
				LastUpgradeCheck = 1020;
				ORGANIZATIONNAME = BE428;
				TargetAttributes = {
					354E80712277836900C796B9 = {
						CreatedOnToolsVersion = 10.2.1;
					};
					354E80852277836A00C796B9 = {
						CreatedOnToolsVersion = 10.2.1;
						TestTargetID = 354E80712277836900C796B9;
					};
					354E80902277836A00C796B9 = {
						CreatedOnToolsVersion = 10.2.1;
						TestTargetID = 354E80712277836900C796B9;
					};
				};
			};
			buildConfigurationList = 354E806D2277836900C796B9 /* Build configuration list for PBXProject "ParkinsonCare" */;
			compatibilityVersion = "Xcode 9.3";
			developmentRegion = en;
			hasScannedForEncodings = 0;
			knownRegions = (
				en,
				Base,
			);
			mainGroup = 354E80692277836800C796B9;
			productRefGroup = 354E80732277836900C796B9 /* Products */;
			projectDirPath = "";
			projectReferences = (
				{
					ProductGroup = 351D81CB2278C58000641B94 /* Products */;
					ProjectRef = 351D81CA2278C58000641B94 /* CareKit.xcodeproj */;
				},
			);
			projectRoot = "";
			targets = (
				354E80712277836900C796B9 /* ParkinsonCare */,
				354E80852277836A00C796B9 /* ParkinsonCareTests */,
				354E80902277836A00C796B9 /* ParkinsonCareUITests */,
			);
		};
/* End PBXProject section */

/* Begin PBXReferenceProxy section */
		351D81D12278C58000641B94 /* CareKit.framework */ = {
			isa = PBXReferenceProxy;
			fileType = wrapper.framework;
			path = CareKit.framework;
			remoteRef = 351D81D02278C58000641B94 /* PBXContainerItemProxy */;
			sourceTree = BUILT_PRODUCTS_DIR;
		};
		351D81D32278C58000641B94 /* CareKitTests.xctest */ = {
			isa = PBXReferenceProxy;
			fileType = wrapper.cfbundle;
			path = CareKitTests.xctest;
			remoteRef = 351D81D22278C58000641B94 /* PBXContainerItemProxy */;
			sourceTree = BUILT_PRODUCTS_DIR;
		};
/* End PBXReferenceProxy section */

/* Begin PBXResourcesBuildPhase section */
		354E80702277836900C796B9 /* Resources */ = {
			isa = PBXResourcesBuildPhase;
			buildActionMask = 2147483647;
			files = (
				354E80802277836A00C796B9 /* LaunchScreen.storyboard in Resources */,
				354E807D2277836A00C796B9 /* Assets.xcassets in Resources */,
				354E807B2277836900C796B9 /* Main.storyboard in Resources */,
			);
			runOnlyForDeploymentPostprocessing = 0;
		};
		354E80842277836A00C796B9 /* Resources */ = {
			isa = PBXResourcesBuildPhase;
			buildActionMask = 2147483647;
			files = (
			);
			runOnlyForDeploymentPostprocessing = 0;
		};
		354E808F2277836A00C796B9 /* Resources */ = {
			isa = PBXResourcesBuildPhase;
			buildActionMask = 2147483647;
			files = (
			);
			runOnlyForDeploymentPostprocessing = 0;
		};
/* End PBXResourcesBuildPhase section */

/* Begin PBXSourcesBuildPhase section */
		354E806E2277836900C796B9 /* Sources */ = {
			isa = PBXSourcesBuildPhase;
			buildActionMask = 2147483647;
			files = (
				354E80762277836900C796B9 /* AppDelegate.swift in Sources */,
				351D81C92278C3DF00641B94 /* TabBarController.swift in Sources */,
			);
			runOnlyForDeploymentPostprocessing = 0;
		};
		354E80822277836A00C796B9 /* Sources */ = {
			isa = PBXSourcesBuildPhase;
			buildActionMask = 2147483647;
			files = (
				354E808B2277836A00C796B9 /* ParkinsonCareTests.swift in Sources */,
			);
			runOnlyForDeploymentPostprocessing = 0;
		};
		354E808D2277836A00C796B9 /* Sources */ = {
			isa = PBXSourcesBuildPhase;
			buildActionMask = 2147483647;
			files = (
				354E80962277836A00C796B9 /* ParkinsonCareUITests.swift in Sources */,
			);
			runOnlyForDeploymentPostprocessing = 0;
		};
/* End PBXSourcesBuildPhase section */

/* Begin PBXTargetDependency section */
		351D81D72278C5C500641B94 /* PBXTargetDependency */ = {
			isa = PBXTargetDependency;
			name = CareKit;
			targetProxy = 351D81D62278C5C500641B94 /* PBXContainerItemProxy */;
		};
		354E80882277836A00C796B9 /* PBXTargetDependency */ = {
			isa = PBXTargetDependency;
			target = 354E80712277836900C796B9 /* ParkinsonCare */;
			targetProxy = 354E80872277836A00C796B9 /* PBXContainerItemProxy */;
		};
		354E80932277836A00C796B9 /* PBXTargetDependency */ = {
			isa = PBXTargetDependency;
			target = 354E80712277836900C796B9 /* ParkinsonCare */;
			targetProxy = 354E80922277836A00C796B9 /* PBXContainerItemProxy */;
		};
/* End PBXTargetDependency section */

/* Begin PBXVariantGroup section */
		354E80792277836900C796B9 /* Main.storyboard */ = {
			isa = PBXVariantGroup;
			children = (
				354E807A2277836900C796B9 /* Base */,
			);
			name = Main.storyboard;
			sourceTree = "<group>";
		};
		354E807E2277836A00C796B9 /* LaunchScreen.storyboard */ = {
			isa = PBXVariantGroup;
			children = (
				354E807F2277836A00C796B9 /* Base */,
			);
			name = LaunchScreen.storyboard;
			sourceTree = "<group>";
		};
/* End PBXVariantGroup section */

/* Begin XCBuildConfiguration section */
		354E80982277836A00C796B9 /* Debug */ = {
			isa = XCBuildConfiguration;
			buildSettings = {
				ALWAYS_SEARCH_USER_PATHS = NO;
				CLANG_ANALYZER_NONNULL = YES;
				CLANG_ANALYZER_NUMBER_OBJECT_CONVERSION = YES_AGGRESSIVE;
				CLANG_CXX_LANGUAGE_STANDARD = "gnu++14";
				CLANG_CXX_LIBRARY = "libc++";
				CLANG_ENABLE_MODULES = YES;
				CLANG_ENABLE_OBJC_ARC = YES;
				CLANG_ENABLE_OBJC_WEAK = YES;
				CLANG_WARN_BLOCK_CAPTURE_AUTORELEASING = YES;
				CLANG_WARN_BOOL_CONVERSION = YES;
				CLANG_WARN_COMMA = YES;
				CLANG_WARN_CONSTANT_CONVERSION = YES;
				CLANG_WARN_DEPRECATED_OBJC_IMPLEMENTATIONS = YES;
				CLANG_WARN_DIRECT_OBJC_ISA_USAGE = YES_ERROR;
				CLANG_WARN_DOCUMENTATION_COMMENTS = YES;
				CLANG_WARN_EMPTY_BODY = YES;
				CLANG_WARN_ENUM_CONVERSION = YES;
				CLANG_WARN_INFINITE_RECURSION = YES;
				CLANG_WARN_INT_CONVERSION = YES;
				CLANG_WARN_NON_LITERAL_NULL_CONVERSION = YES;
				CLANG_WARN_OBJC_IMPLICIT_RETAIN_SELF = YES;
				CLANG_WARN_OBJC_LITERAL_CONVERSION = YES;
				CLANG_WARN_OBJC_ROOT_CLASS = YES_ERROR;
				CLANG_WARN_RANGE_LOOP_ANALYSIS = YES;
				CLANG_WARN_STRICT_PROTOTYPES = YES;
				CLANG_WARN_SUSPICIOUS_MOVE = YES;
				CLANG_WARN_UNGUARDED_AVAILABILITY = YES_AGGRESSIVE;
				CLANG_WARN_UNREACHABLE_CODE = YES;
				CLANG_WARN__DUPLICATE_METHOD_MATCH = YES;
				CODE_SIGN_IDENTITY = "iPhone Developer";
				COPY_PHASE_STRIP = NO;
				DEBUG_INFORMATION_FORMAT = dwarf;
				ENABLE_STRICT_OBJC_MSGSEND = YES;
				ENABLE_TESTABILITY = YES;
				GCC_C_LANGUAGE_STANDARD = gnu11;
				GCC_DYNAMIC_NO_PIC = NO;
				GCC_NO_COMMON_BLOCKS = YES;
				GCC_OPTIMIZATION_LEVEL = 0;
				GCC_PREPROCESSOR_DEFINITIONS = (
					"DEBUG=1",
					"$(inherited)",
				);
				GCC_WARN_64_TO_32_BIT_CONVERSION = YES;
				GCC_WARN_ABOUT_RETURN_TYPE = YES_ERROR;
				GCC_WARN_UNDECLARED_SELECTOR = YES;
				GCC_WARN_UNINITIALIZED_AUTOS = YES_AGGRESSIVE;
				GCC_WARN_UNUSED_FUNCTION = YES;
				GCC_WARN_UNUSED_VARIABLE = YES;
				IPHONEOS_DEPLOYMENT_TARGET = 12.2;
				MTL_ENABLE_DEBUG_INFO = INCLUDE_SOURCE;
				MTL_FAST_MATH = YES;
				ONLY_ACTIVE_ARCH = YES;
				SDKROOT = iphoneos;
				SWIFT_ACTIVE_COMPILATION_CONDITIONS = DEBUG;
				SWIFT_OPTIMIZATION_LEVEL = "-Onone";
			};
			name = Debug;
		};
		354E80992277836A00C796B9 /* Release */ = {
			isa = XCBuildConfiguration;
			buildSettings = {
				ALWAYS_SEARCH_USER_PATHS = NO;
				CLANG_ANALYZER_NONNULL = YES;
				CLANG_ANALYZER_NUMBER_OBJECT_CONVERSION = YES_AGGRESSIVE;
				CLANG_CXX_LANGUAGE_STANDARD = "gnu++14";
				CLANG_CXX_LIBRARY = "libc++";
				CLANG_ENABLE_MODULES = YES;
				CLANG_ENABLE_OBJC_ARC = YES;
				CLANG_ENABLE_OBJC_WEAK = YES;
				CLANG_WARN_BLOCK_CAPTURE_AUTORELEASING = YES;
				CLANG_WARN_BOOL_CONVERSION = YES;
				CLANG_WARN_COMMA = YES;
				CLANG_WARN_CONSTANT_CONVERSION = YES;
				CLANG_WARN_DEPRECATED_OBJC_IMPLEMENTATIONS = YES;
				CLANG_WARN_DIRECT_OBJC_ISA_USAGE = YES_ERROR;
				CLANG_WARN_DOCUMENTATION_COMMENTS = YES;
				CLANG_WARN_EMPTY_BODY = YES;
				CLANG_WARN_ENUM_CONVERSION = YES;
				CLANG_WARN_INFINITE_RECURSION = YES;
				CLANG_WARN_INT_CONVERSION = YES;
				CLANG_WARN_NON_LITERAL_NULL_CONVERSION = YES;
				CLANG_WARN_OBJC_IMPLICIT_RETAIN_SELF = YES;
				CLANG_WARN_OBJC_LITERAL_CONVERSION = YES;
				CLANG_WARN_OBJC_ROOT_CLASS = YES_ERROR;
				CLANG_WARN_RANGE_LOOP_ANALYSIS = YES;
				CLANG_WARN_STRICT_PROTOTYPES = YES;
				CLANG_WARN_SUSPICIOUS_MOVE = YES;
				CLANG_WARN_UNGUARDED_AVAILABILITY = YES_AGGRESSIVE;
				CLANG_WARN_UNREACHABLE_CODE = YES;
				CLANG_WARN__DUPLICATE_METHOD_MATCH = YES;
				CODE_SIGN_IDENTITY = "iPhone Developer";
				COPY_PHASE_STRIP = NO;
				DEBUG_INFORMATION_FORMAT = "dwarf-with-dsym";
				ENABLE_NS_ASSERTIONS = NO;
				ENABLE_STRICT_OBJC_MSGSEND = YES;
				GCC_C_LANGUAGE_STANDARD = gnu11;
				GCC_NO_COMMON_BLOCKS = YES;
				GCC_WARN_64_TO_32_BIT_CONVERSION = YES;
				GCC_WARN_ABOUT_RETURN_TYPE = YES_ERROR;
				GCC_WARN_UNDECLARED_SELECTOR = YES;
				GCC_WARN_UNINITIALIZED_AUTOS = YES_AGGRESSIVE;
				GCC_WARN_UNUSED_FUNCTION = YES;
				GCC_WARN_UNUSED_VARIABLE = YES;
				IPHONEOS_DEPLOYMENT_TARGET = 12.2;
				MTL_ENABLE_DEBUG_INFO = NO;
				MTL_FAST_MATH = YES;
				SDKROOT = iphoneos;
				SWIFT_COMPILATION_MODE = wholemodule;
				SWIFT_OPTIMIZATION_LEVEL = "-O";
				VALIDATE_PRODUCT = YES;
			};
			name = Release;
		};
		354E809B2277836A00C796B9 /* Debug */ = {
			isa = XCBuildConfiguration;
			buildSettings = {
				ASSETCATALOG_COMPILER_APPICON_NAME = AppIcon;
				CODE_SIGN_STYLE = Automatic;
				DEVELOPMENT_TEAM = W977X6G6WR;
				INFOPLIST_FILE = ParkinsonCare/Info.plist;
				LD_RUNPATH_SEARCH_PATHS = (
					"$(inherited)",
					"@executable_path/Frameworks",
				);
				PRODUCT_BUNDLE_IDENTIFIER = Team4.ParkinsonCare;
				PRODUCT_NAME = "$(TARGET_NAME)";
				SWIFT_VERSION = 5.0;
				TARGETED_DEVICE_FAMILY = "1,2";
			};
			name = Debug;
		};
		354E809C2277836A00C796B9 /* Release */ = {
			isa = XCBuildConfiguration;
			buildSettings = {
				ASSETCATALOG_COMPILER_APPICON_NAME = AppIcon;
				CODE_SIGN_STYLE = Automatic;
				DEVELOPMENT_TEAM = W977X6G6WR;
				INFOPLIST_FILE = ParkinsonCare/Info.plist;
				LD_RUNPATH_SEARCH_PATHS = (
					"$(inherited)",
					"@executable_path/Frameworks",
				);
				PRODUCT_BUNDLE_IDENTIFIER = Team4.ParkinsonCare;
				PRODUCT_NAME = "$(TARGET_NAME)";
				SWIFT_VERSION = 5.0;
				TARGETED_DEVICE_FAMILY = "1,2";
			};
			name = Release;
		};
		354E809E2277836A00C796B9 /* Debug */ = {
			isa = XCBuildConfiguration;
			buildSettings = {
				ALWAYS_EMBED_SWIFT_STANDARD_LIBRARIES = YES;
				BUNDLE_LOADER = "$(TEST_HOST)";
				CODE_SIGN_STYLE = Automatic;
				DEVELOPMENT_TEAM = W977X6G6WR;
				INFOPLIST_FILE = ParkinsonCareTests/Info.plist;
				LD_RUNPATH_SEARCH_PATHS = (
					"$(inherited)",
					"@executable_path/Frameworks",
					"@loader_path/Frameworks",
				);
				PRODUCT_BUNDLE_IDENTIFIER = Team4.ParkinsonCareTests;
				PRODUCT_NAME = "$(TARGET_NAME)";
				SWIFT_VERSION = 5.0;
				TARGETED_DEVICE_FAMILY = "1,2";
				TEST_HOST = "$(BUILT_PRODUCTS_DIR)/ParkinsonCare.app/ParkinsonCare";
			};
			name = Debug;
		};
		354E809F2277836A00C796B9 /* Release */ = {
			isa = XCBuildConfiguration;
			buildSettings = {
				ALWAYS_EMBED_SWIFT_STANDARD_LIBRARIES = YES;
				BUNDLE_LOADER = "$(TEST_HOST)";
				CODE_SIGN_STYLE = Automatic;
				DEVELOPMENT_TEAM = W977X6G6WR;
				INFOPLIST_FILE = ParkinsonCareTests/Info.plist;
				LD_RUNPATH_SEARCH_PATHS = (
					"$(inherited)",
					"@executable_path/Frameworks",
					"@loader_path/Frameworks",
				);
				PRODUCT_BUNDLE_IDENTIFIER = Team4.ParkinsonCareTests;
				PRODUCT_NAME = "$(TARGET_NAME)";
				SWIFT_VERSION = 5.0;
				TARGETED_DEVICE_FAMILY = "1,2";
				TEST_HOST = "$(BUILT_PRODUCTS_DIR)/ParkinsonCare.app/ParkinsonCare";
			};
			name = Release;
		};
		354E80A12277836A00C796B9 /* Debug */ = {
			isa = XCBuildConfiguration;
			buildSettings = {
				ALWAYS_EMBED_SWIFT_STANDARD_LIBRARIES = YES;
				CODE_SIGN_STYLE = Automatic;
				DEVELOPMENT_TEAM = W977X6G6WR;
				INFOPLIST_FILE = ParkinsonCareUITests/Info.plist;
				LD_RUNPATH_SEARCH_PATHS = (
					"$(inherited)",
					"@executable_path/Frameworks",
					"@loader_path/Frameworks",
				);
				PRODUCT_BUNDLE_IDENTIFIER = Team4.ParkinsonCareUITests;
				PRODUCT_NAME = "$(TARGET_NAME)";
				SWIFT_VERSION = 5.0;
				TARGETED_DEVICE_FAMILY = "1,2";
				TEST_TARGET_NAME = ParkinsonCare;
			};
			name = Debug;
		};
		354E80A22277836A00C796B9 /* Release */ = {
			isa = XCBuildConfiguration;
			buildSettings = {
				ALWAYS_EMBED_SWIFT_STANDARD_LIBRARIES = YES;
				CODE_SIGN_STYLE = Automatic;
				DEVELOPMENT_TEAM = W977X6G6WR;
				INFOPLIST_FILE = ParkinsonCareUITests/Info.plist;
				LD_RUNPATH_SEARCH_PATHS = (
					"$(inherited)",
					"@executable_path/Frameworks",
					"@loader_path/Frameworks",
				);
				PRODUCT_BUNDLE_IDENTIFIER = Team4.ParkinsonCareUITests;
				PRODUCT_NAME = "$(TARGET_NAME)";
				SWIFT_VERSION = 5.0;
				TARGETED_DEVICE_FAMILY = "1,2";
				TEST_TARGET_NAME = ParkinsonCare;
			};
			name = Release;
		};
/* End XCBuildConfiguration section */

/* Begin XCConfigurationList section */
		354E806D2277836900C796B9 /* Build configuration list for PBXProject "ParkinsonCare" */ = {
			isa = XCConfigurationList;
			buildConfigurations = (
				354E80982277836A00C796B9 /* Debug */,
				354E80992277836A00C796B9 /* Release */,
			);
			defaultConfigurationIsVisible = 0;
			defaultConfigurationName = Release;
		};
		354E809A2277836A00C796B9 /* Build configuration list for PBXNativeTarget "ParkinsonCare" */ = {
			isa = XCConfigurationList;
			buildConfigurations = (
				354E809B2277836A00C796B9 /* Debug */,
				354E809C2277836A00C796B9 /* Release */,
			);
			defaultConfigurationIsVisible = 0;
			defaultConfigurationName = Release;
		};
		354E809D2277836A00C796B9 /* Build configuration list for PBXNativeTarget "ParkinsonCareTests" */ = {
			isa = XCConfigurationList;
			buildConfigurations = (
				354E809E2277836A00C796B9 /* Debug */,
				354E809F2277836A00C796B9 /* Release */,
			);
			defaultConfigurationIsVisible = 0;
			defaultConfigurationName = Release;
		};
		354E80A02277836A00C796B9 /* Build configuration list for PBXNativeTarget "ParkinsonCareUITests" */ = {
			isa = XCConfigurationList;
			buildConfigurations = (
				354E80A12277836A00C796B9 /* Debug */,
				354E80A22277836A00C796B9 /* Release */,
			);
			defaultConfigurationIsVisible = 0;
			defaultConfigurationName = Release;
		};
/* End XCConfigurationList section */
	};
	rootObject = 354E806A2277836800C796B9 /* Project object */;
}
